{
  "name": "simpleapp",
  "version": "1.0.0",
  "lockfileVersion": 1,
  "requires": true,
  "dependencies": {
    "amdefine": {
      "version": "1.0.0",
      "resolved": "https://registry.npmjs.org/amdefine/-/amdefine-1.0.0.tgz",
      "integrity": "sha1-/RdHRwDLXMnCtwnwvp0jzjwZjDM="
    },
    "ansi-regex": {
      "version": "2.0.0",
      "resolved": "https://registry.npmjs.org/ansi-regex/-/ansi-regex-2.0.0.tgz",
      "integrity": "sha1-xQYbbg74qBd15Q9dZhUb9r83EQc="
    },
    "ansi-styles": {
      "version": "2.2.1",
      "resolved": "https://registry.npmjs.org/ansi-styles/-/ansi-styles-2.2.1.tgz",
      "integrity": "sha1-tDLdM1i2NM914eRmQ2gkBTPB3b4="
    },
    "asap": {
      "version": "2.0.4",
      "resolved": "https://registry.npmjs.org/asap/-/asap-2.0.4.tgz",
      "integrity": "sha1-s5G/f2v7xlcGAi/sj0nEsH/s9Yk="
    },
    "babel-code-frame": {
      "version": "6.8.0",
      "resolved": "https://registry.npmjs.org/babel-code-frame/-/babel-code-frame-6.8.0.tgz",
      "integrity": "sha1-fNpTGJHhsgjgzAget52H2TKmW38=",
      "requires": {
        "babel-runtime": "^6.0.0",
        "chalk": "^1.1.0",
        "esutils": "^2.0.2",
        "js-tokens": "^1.0.2"
      }
    },
    "babel-core": {
      "version": "6.9.1",
      "resolved": "https://registry.npmjs.org/babel-core/-/babel-core-6.9.1.tgz",
      "integrity": "sha1-SNRx7r9N5GngqUL+RW3MlLGL6A0=",
      "requires": {
        "babel-code-frame": "^6.8.0",
        "babel-generator": "^6.9.0",
        "babel-helpers": "^6.8.0",
        "babel-messages": "^6.8.0",
        "babel-register": "^6.9.0",
        "babel-runtime": "^6.9.1",
        "babel-template": "^6.9.0",
        "babel-traverse": "^6.9.0",
        "babel-types": "^6.9.1",
        "babylon": "^6.7.0",
        "convert-source-map": "^1.1.0",
        "debug": "^2.1.1",
        "json5": "^0.4.0",
        "lodash": "^4.2.0",
        "minimatch": "^2.0.3",
        "path-exists": "^1.0.0",
        "path-is-absolute": "^1.0.0",
        "private": "^0.1.6",
        "shebang-regex": "^1.0.0",
        "slash": "^1.0.0",
        "source-map": "^0.5.0"
      }
    },
    "babel-generator": {
      "version": "6.10.0",
      "resolved": "https://registry.npmjs.org/babel-generator/-/babel-generator-6.10.0.tgz",
      "integrity": "sha1-XegBwaNaCgxbtRDFnz3cCQiR4lw=",
      "requires": {
        "babel-messages": "^6.8.0",
        "babel-runtime": "^6.9.0",
        "babel-types": "^6.10.0",
        "detect-indent": "^3.0.1",
        "lodash": "^4.2.0",
        "source-map": "^0.5.0"
      }
    },
    "babel-helpers": {
      "version": "6.8.0",
      "resolved": "https://registry.npmjs.org/babel-helpers/-/babel-helpers-6.8.0.tgz",
      "integrity": "sha1-MhxW+cnKwaKX+Cf9/2OLJ6YpJQM=",
      "requires": {
        "babel-runtime": "^6.0.0",
        "babel-template": "^6.8.0"
      }
    },
    "babel-messages": {
      "version": "6.8.0",
      "resolved": "https://registry.npmjs.org/babel-messages/-/babel-messages-6.8.0.tgz",
      "integrity": "sha1-v1BHNsqWfm1l7wrbWipflHyODrk=",
      "requires": {
        "babel-runtime": "^6.0.0"
      }
    },
    "babel-register": {
      "version": "6.9.0",
      "resolved": "https://registry.npmjs.org/babel-register/-/babel-register-6.9.0.tgz",
      "integrity": "sha1-3V81cu9b1AgsoFRx6ULkqRsWL/A=",
      "requires": {
        "babel-core": "^6.9.0",
        "babel-runtime": "^6.9.0",
        "core-js": "^2.4.0",
        "home-or-tmp": "^1.0.0",
        "lodash": "^4.2.0",
        "mkdirp": "^0.5.1",
        "path-exists": "^1.0.0",
        "source-map-support": "^0.2.10"
      },
      "dependencies": {
        "core-js": {
          "version": "2.4.0",
          "resolved": "http://registry.npmjs.org/core-js/-/core-js-2.4.0.tgz",
          "integrity": "sha1-30CKtG0Br/kcAcPnlxk11CLFT4E="
        }
      }
    },
    "babel-runtime": {
      "version": "6.9.2",
      "resolved": "https://registry.npmjs.org/babel-runtime/-/babel-runtime-6.9.2.tgz",
      "integrity": "sha1-1/45G8LMKbgIfB2bOYeJEun8/Vk=",
      "requires": {
        "core-js": "^2.4.0",
        "regenerator-runtime": "^0.9.5"
      },
      "dependencies": {
        "core-js": {
          "version": "2.4.0",
          "resolved": "https://registry.npmjs.org/core-js/-/core-js-2.4.0.tgz",
          "integrity": "sha1-30CKtG0Br/kcAcPnlxk11CLFT4E="
        }
      }
    },
    "babel-template": {
      "version": "6.9.0",
      "resolved": "https://registry.npmjs.org/babel-template/-/babel-template-6.9.0.tgz",
      "integrity": "sha1-lwkPz2vBVoW08FvmXAqUOKp+I+M=",
      "requires": {
        "babel-runtime": "^6.9.0",
        "babel-traverse": "^6.9.0",
        "babel-types": "^6.9.0",
        "babylon": "^6.7.0",
        "lodash": "^4.2.0"
      }
    },
    "babel-traverse": {
      "version": "6.9.0",
      "resolved": "https://registry.npmjs.org/babel-traverse/-/babel-traverse-6.9.0.tgz",
      "integrity": "sha1-Zlazgox6qXpyrUSYXvssNhmpNWY=",
      "requires": {
        "babel-code-frame": "^6.8.0",
        "babel-messages": "^6.8.0",
        "babel-runtime": "^6.9.0",
        "babel-types": "^6.9.0",
        "babylon": "^6.7.0",
        "debug": "^2.2.0",
        "globals": "^8.3.0",
        "invariant": "^2.2.0",
        "lodash": "^4.2.0"
      }
    },
    "babel-types": {
      "version": "6.10.0",
      "resolved": "https://registry.npmjs.org/babel-types/-/babel-types-6.10.0.tgz",
      "integrity": "sha1-5kfITrSiyJZMtzZpTUajkyeB1w0=",
      "requires": {
        "babel-runtime": "^6.9.1",
        "babel-traverse": "^6.9.0",
        "esutils": "^2.0.2",
        "lodash": "^4.2.0",
        "to-fast-properties": "^1.0.1"
      }
    },
    "babylon": {
      "version": "6.8.1",
      "resolved": "https://registry.npmjs.org/babylon/-/babylon-6.8.1.tgz",
      "integrity": "sha1-0YIcYfG24h3b9uAE673UXG48DXU=",
      "requires": {
        "babel-runtime": "^6.0.0"
      }
    },
    "balanced-match": {
      "version": "0.4.1",
      "resolved": "https://registry.npmjs.org/balanced-match/-/balanced-match-0.4.1.tgz",
      "integrity": "sha1-GQU+LgdI6ts3nabAnUVc9eEDkzU="
    },
    "brace-expansion": {
      "version": "1.1.4",
      "resolved": "https://registry.npmjs.org/brace-expansion/-/brace-expansion-1.1.4.tgz",
      "integrity": "sha1-RkogTHf0gsCFwqNsRWu/uvtnoSc=",
      "requires": {
        "balanced-match": "^0.4.1",
        "concat-map": "0.0.1"
      }
    },
    "chalk": {
      "version": "1.1.3",
      "resolved": "https://registry.npmjs.org/chalk/-/chalk-1.1.3.tgz",
      "integrity": "sha1-qBFcVeSnAv5NFQq9OHKCKn4J/Jg=",
      "requires": {
        "ansi-styles": "^2.2.1",
        "escape-string-regexp": "^1.0.2",
        "has-ansi": "^2.0.0",
        "strip-ansi": "^3.0.0",
        "supports-color": "^2.0.0"
      }
    },
    "concat-map": {
      "version": "0.0.1",
      "resolved": "https://registry.npmjs.org/concat-map/-/concat-map-0.0.1.tgz",
      "integrity": "sha1-2Klr13/Wjfd5OnMDajug1UBdR3s="
    },
    "convert-source-map": {
      "version": "1.2.0",
      "resolved": "https://registry.npmjs.org/convert-source-map/-/convert-source-map-1.2.0.tgz",
      "integrity": "sha1-RMCMJQbxD7PKb9iI1aNETPjWpmk="
    },
    "core-js": {
      "version": "1.2.6",
      "resolved": "https://registry.npmjs.org/core-js/-/core-js-1.2.6.tgz",
      "integrity": "sha1-4jUfbK52T4w05dg5rLamDO+LSkU="
    },
    "debug": {
      "version": "2.2.0",
      "resolved": "https://registry.npmjs.org/debug/-/debug-2.2.0.tgz",
      "integrity": "sha1-+HBX6ZWxofauaklgZkE3vFbwOdo=",
      "requires": {
        "ms": "0.7.1"
      }
    },
    "detect-indent": {
      "version": "3.0.1",
      "resolved": "https://registry.npmjs.org/detect-indent/-/detect-indent-3.0.1.tgz",
      "integrity": "sha1-ncXl3bzu+DJXZLlFGwK8bVQIT3U=",
      "requires": {
        "get-stdin": "^4.0.1",
        "minimist": "^1.1.0",
        "repeating": "^1.1.0"
      }
    },
    "encoding": {
      "version": "0.1.12",
      "resolved": "https://registry.npmjs.org/encoding/-/encoding-0.1.12.tgz",
      "integrity": "sha1-U4tm8+5izRq1HsMjgp0flIDHS+s=",
      "requires": {
        "iconv-lite": "~0.4.13"
      }
    },
    "escape-string-regexp": {
      "version": "1.0.5",
      "resolved": "https://registry.npmjs.org/escape-string-regexp/-/escape-string-regexp-1.0.5.tgz",
      "integrity": "sha1-G2HAViGQqN/2rjuyzwIAyhMLhtQ="
    },
    "esutils": {
      "version": "2.0.2",
      "resolved": "https://registry.npmjs.org/esutils/-/esutils-2.0.2.tgz",
      "integrity": "sha1-Cr9PHKpbyx96nYrMbepPqqBLrJs="
    },
    "fbjs": {
      "version": "0.8.3",
      "resolved": "https://registry.npmjs.org/fbjs/-/fbjs-0.8.3.tgz",
      "integrity": "sha1-2Yp304f9osM7w9VYj84x81U8scg=",
      "requires": {
        "core-js": "^1.0.0",
        "immutable": "^3.7.6",
        "isomorphic-fetch": "^2.1.1",
        "loose-envify": "^1.0.0",
        "object-assign": "^4.1.0",
        "promise": "^7.1.1",
        "ua-parser-js": "^0.7.9"
      }
    },
    "get-stdin": {
      "version": "4.0.1",
      "resolved": "https://registry.npmjs.org/get-stdin/-/get-stdin-4.0.1.tgz",
      "integrity": "sha1-uWjGsKBDhDJJAui/Gl3zJXmkUP4="
    },
    "globals": {
      "version": "8.18.0",
      "resolved": "https://registry.npmjs.org/globals/-/globals-8.18.0.tgz",
      "integrity": "sha1-k9SmK9ysOM+vr8R9awNHaMsP/LQ="
    },
    "has-ansi": {
      "version": "2.0.0",
      "resolved": "https://registry.npmjs.org/has-ansi/-/has-ansi-2.0.0.tgz",
      "integrity": "sha1-NPUEnOHs3ysGSa8+8k5F7TVBbZE=",
      "requires": {
        "ansi-regex": "^2.0.0"
      }
    },
    "hoist-non-react-statics": {
      "version": "1.1.0",
      "resolved": "https://registry.npmjs.org/hoist-non-react-statics/-/hoist-non-react-statics-1.1.0.tgz",
      "integrity": "sha1-MicwX5HzOK4GpicfAABSmer0Gyw="
    },
    "home-or-tmp": {
      "version": "1.0.0",
      "resolved": "https://registry.npmjs.org/home-or-tmp/-/home-or-tmp-1.0.0.tgz",
      "integrity": "sha1-S58eQIAMPlDGwn94FnavzOcfOYU=",
      "requires": {
        "os-tmpdir": "^1.0.1",
        "user-home": "^1.1.1"
      }
    },
    "iconv-lite": {
      "version": "0.4.13",
      "resolved": "https://registry.npmjs.org/iconv-lite/-/iconv-lite-0.4.13.tgz",
      "integrity": "sha1-H4irpKsLFQjoMSrMOTRfNumS4vI="
    },
    "immutable": {
      "version": "3.8.1",
      "resolved": "https://registry.npmjs.org/immutable/-/immutable-3.8.1.tgz",
      "integrity": "sha1-IAgH8Rqw9ycQ6khVQt4IgHX2jNI="
    },
    "invariant": {
      "version": "2.2.1",
      "resolved": "https://registry.npmjs.org/invariant/-/invariant-2.2.1.tgz",
      "integrity": "sha1-sJcBBUdmjH4zcCjr6Bbr42yKjVQ=",
      "requires": {
        "loose-envify": "^1.0.0"
      }
    },
    "is-finite": {
      "version": "1.0.1",
      "resolved": "https://registry.npmjs.org/is-finite/-/is-finite-1.0.1.tgz",
      "integrity": "sha1-ZDhgPq6+J5OUj/SkJi7I2z1iWXs=",
      "requires": {
        "number-is-nan": "^1.0.0"
      }
    },
    "is-stream": {
      "version": "1.1.0",
      "resolved": "https://registry.npmjs.org/is-stream/-/is-stream-1.1.0.tgz",
      "integrity": "sha1-EtSj3U5o4Lec6428hBc66A2RykQ="
    },
    "isomorphic-fetch": {
      "version": "2.2.1",
      "resolved": "https://registry.npmjs.org/isomorphic-fetch/-/isomorphic-fetch-2.2.1.tgz",
      "integrity": "sha1-YRrhrPFPXoH3KVB0coGf6XM1WKk=",
      "requires": {
        "node-fetch": "^1.0.1",
        "whatwg-fetch": ">=0.10.0"
      }
    },
    "js-tokens": {
      "version": "1.0.3",
      "resolved": "https://registry.npmjs.org/js-tokens/-/js-tokens-1.0.3.tgz",
      "integrity": "sha1-FOVutoyPGpLEPVn1AU7CncIPKuE="
    },
    "json5": {
      "version": "0.4.0",
      "resolved": "https://registry.npmjs.org/json5/-/json5-0.4.0.tgz",
      "integrity": "sha1-BUNS5MTIDIbAkjh31EneF2pzLI0="
    },
    "lodash": {
      "version": "4.13.1",
      "resolved": "https://registry.npmjs.org/lodash/-/lodash-4.13.1.tgz",
      "integrity": "sha1-g+SxCRP0hJbU0W/sSlYK8u50S2g="
    },
    "lodash-es": {
      "version": "4.13.1",
      "resolved": "https://registry.npmjs.org/lodash-es/-/lodash-es-4.13.1.tgz",
      "integrity": "sha1-Pao28j8J7eCSpviIM//eCPe4WTw="
    },
    "loose-envify": {
      "version": "1.2.0",
      "resolved": "https://registry.npmjs.org/loose-envify/-/loose-envify-1.2.0.tgz",
      "integrity": "sha1-aaZarT3lQs9O4PT+dOjjPHCcyw8=",
      "requires": {
        "js-tokens": "^1.0.1"
      }
    },
    "minimatch": {
      "version": "2.0.10",
      "resolved": "https://registry.npmjs.org/minimatch/-/minimatch-2.0.10.tgz",
      "integrity": "sha1-jQh8OcazjAAbl/ynzm0OHoCvusc=",
      "requires": {
        "brace-expansion": "^1.0.0"
      }
    },
    "minimist": {
      "version": "1.2.0",
      "resolved": "https://registry.npmjs.org/minimist/-/minimist-1.2.0.tgz",
      "integrity": "sha1-o1AIsg9BOD7sH7kU9M1d95omQoQ="
    },
    "mkdirp": {
      "version": "0.5.1",
      "resolved": "https://registry.npmjs.org/mkdirp/-/mkdirp-0.5.1.tgz",
      "integrity": "sha1-MAV0OOrGz3+MR2fzhkjWaX11yQM=",
      "requires": {
        "minimist": "0.0.8"
      },
      "dependencies": {
        "minimist": {
          "version": "0.0.8",
          "resolved": "https://registry.npmjs.org/minimist/-/minimist-0.0.8.tgz",
          "integrity": "sha1-hX/Kv8M5fSYluCKCYuhqp6ARsF0="
        }
      }
    },
    "ms": {
      "version": "0.7.1",
      "resolved": "https://registry.npmjs.org/ms/-/ms-0.7.1.tgz",
      "integrity": "sha1-nNE8A62/8ltl7/3nzoZO6VIBcJg="
    },
    "node-fetch": {
      "version": "1.5.3",
      "resolved": "https://registry.npmjs.org/node-fetch/-/node-fetch-1.5.3.tgz",
      "integrity": "sha1-8o2LlcqNRbQzdF3TGTYeNkArrvA=",
      "requires": {
        "encoding": "^0.1.11",
        "is-stream": "^1.0.1"
      }
    },
    "number-is-nan": {
      "version": "1.0.0",
      "resolved": "https://registry.npmjs.org/number-is-nan/-/number-is-nan-1.0.0.tgz",
      "integrity": "sha1-wCD1KcUoKt/dIz2R1LGBw9aG3Es="
    },
    "object-assign": {
      "version": "4.1.0",
      "resolved": "https://registry.npmjs.org/object-assign/-/object-assign-4.1.0.tgz",
      "integrity": "sha1-ejs9DpgGPUP0wD8uiubNUahog6A="
    },
    "os-tmpdir": {
      "version": "1.0.1",
      "resolved": "https://registry.npmjs.org/os-tmpdir/-/os-tmpdir-1.0.1.tgz",
      "integrity": "sha1-6bQjoe2vR5iCVi6S7XHXdDoHG24="
    },
    "path-exists": {
      "version": "1.0.0",
      "resolved": "https://registry.npmjs.org/path-exists/-/path-exists-1.0.0.tgz",
      "integrity": "sha1-1aiZjrce83p0w06w2eum6HjuoIE="
    },
    "path-is-absolute": {
      "version": "1.0.0",
      "resolved": "https://registry.npmjs.org/path-is-absolute/-/path-is-absolute-1.0.0.tgz",
      "integrity": "sha1-Jj2tpmqz8vsQv3+dJN2PPlcO+RI="
    },
    "private": {
      "version": "0.1.6",
      "resolved": "https://registry.npmjs.org/private/-/private-0.1.6.tgz",
      "integrity": "sha1-VcapdtD5uvuZJIUTUP5HubX7t8E="
    },
    "promise": {
      "version": "7.1.1",
      "resolved": "https://registry.npmjs.org/promise/-/promise-7.1.1.tgz",
      "integrity": "sha1-SJZUxpJha4qlWwck+oCbt9tJxb8=",
      "requires": {
        "asap": "~2.0.3"
      }
    },
    "react": {
      "version": "15.1.0",
      "resolved": "https://registry.npmjs.org/react/-/react-15.1.0.tgz",
      "integrity": "sha1-X3qfCFoAUJiY79KyTLEuod+vi0A=",
      "requires": {
        "fbjs": "^0.8.0",
        "loose-envify": "^1.1.0",
        "object-assign": "^4.1.0"
      }
    },
    "react-dom": {
      "version": "15.1.0",
      "resolved": "https://registry.npmjs.org/react-dom/-/react-dom-15.1.0.tgz",
      "integrity": "sha1-0MKyTItHpBornsdmZi1OaG81MVM="
    },
    "react-redux": {
      "version": "4.4.5",
      "resolved": "https://registry.npmjs.org/react-redux/-/react-redux-4.4.5.tgz",
      "integrity": "sha1-9QmimBviJS0QxinvfFWTR6SuxFc=",
      "requires": {
        "hoist-non-react-statics": "^1.0.3",
        "invariant": "^2.0.0",
        "lodash": "^4.2.0",
        "loose-envify": "^1.1.0"
      }
    },
    "redux": {
      "version": "3.5.2",
      "resolved": "https://registry.npmjs.org/redux/-/redux-3.5.2.tgz",
      "integrity": "sha1-RTN0XpcLZH7CYGaoOqMOnib6+EM=",
      "requires": {
        "lodash": "^4.2.1",
        "lodash-es": "^4.2.1",
        "loose-envify": "^1.1.0",
        "symbol-observable": "^0.2.3"
      }
    },
    "regenerator-runtime": {
      "version": "0.9.5",
      "resolved": "https://registry.npmjs.org/regenerator-runtime/-/regenerator-runtime-0.9.5.tgz",
      "integrity": "sha1-QD1tQKS9/5wzDdk5Lcuy2ai7ofw="
    },
    "repeating": {
      "version": "1.1.3",
      "resolved": "https://registry.npmjs.org/repeating/-/repeating-1.1.3.tgz",
      "integrity": "sha1-PUEUIYh3U3SU+X93+Xhfq4EPpKw=",
      "requires": {
        "is-finite": "^1.0.0"
      }
    },
    "shebang-regex": {
      "version": "1.0.0",
      "resolved": "https://registry.npmjs.org/shebang-regex/-/shebang-regex-1.0.0.tgz",
      "integrity": "sha1-2kL0l0DAtC2yypcoVxyxkMmO/qM="
    },
    "slash": {
      "version": "1.0.0",
      "resolved": "https://registry.npmjs.org/slash/-/slash-1.0.0.tgz",
      "integrity": "sha1-xB8vbDn8FtHNF61LXYlhFK5HDVU="
    },
    "source-map": {
      "version": "0.5.6",
      "resolved": "https://registry.npmjs.org/source-map/-/source-map-0.5.6.tgz",
      "integrity": "sha1-dc449SvwczxafwwRjYEzSiu19BI="
    },
    "source-map-support": {
      "version": "0.2.10",
      "resolved": "https://registry.npmjs.org/source-map-support/-/source-map-support-0.2.10.tgz",
      "integrity": "sha1-6lo5AKHByyUJagrozFwrSxDe09w=",
      "requires": {
        "source-map": "0.1.32"
      },
      "dependencies": {
        "source-map": {
          "version": "0.1.32",
          "resolved": "https://registry.npmjs.org/source-map/-/source-map-0.1.32.tgz",
          "integrity": "sha1-yLbBZ3l7pHQKjqMyUhYv8IWRsmY=",
          "requires": {
            "amdefine": ">=0.0.4"
          }
        }
      }
    },
    "strip-ansi": {
      "version": "3.0.1",
      "resolved": "https://registry.npmjs.org/strip-ansi/-/strip-ansi-3.0.1.tgz",
      "integrity": "sha1-ajhfuIU9lS1f8F0Oiq+UJ43GPc8=",
      "requires": {
        "ansi-regex": "^2.0.0"
      }
    },
    "supports-color": {
      "version": "2.0.0",
      "resolved": "https://registry.npmjs.org/supports-color/-/supports-color-2.0.0.tgz",
      "integrity": "sha1-U10EXOa2Nj+kARcIRimZXp3zJMc="
    },
    "symbol-observable": {
      "version": "0.2.4",
      "resolved": "https://registry.npmjs.org/symbol-observable/-/symbol-observable-0.2.4.tgz",
      "integrity": "sha1-lag9smGG1q9+ehjb2XYKL4bQj0A="
    },
    "to-fast-properties": {
      "version": "1.0.2",
      "resolved": "https://registry.npmjs.org/to-fast-properties/-/to-fast-properties-1.0.2.tgz",
      "integrity": "sha1-8/XAw7pymafvmUJ+RGMyV63kMyA="
    },
    "ua-parser-js": {
      "version": "0.7.10",
      "resolved": "https://registry.npmjs.org/ua-parser-js/-/ua-parser-js-0.7.10.tgz",
      "integrity": "sha1-kXVZ3czgfLwJ7OfYBJXkwmj0758="
    },
    "user-home": {
      "version": "1.1.1",
      "resolved": "https://registry.npmjs.org/user-home/-/user-home-1.1.1.tgz",
      "integrity": "sha1-K1viOjK2Onyd640PKNSFcko98ZA="
    },
    "whatwg-fetch": {
      "version": "1.0.0",
      "resolved": "https://registry.npmjs.org/whatwg-fetch/-/whatwg-fetch-1.0.0.tgz",
      "integrity": "sha1-AcKsTfQOI2qqGEgOO+dL1cjreY4="
    }
  }
}
